
Microsoft Visual Studio Solution File, Format Version 12.00
# Visual Studio Version 17
VisualStudioVersion = 17.2.32526.322
MinimumVisualStudioVersion = 10.0.40219.1
Project("{888888A0-9F3D-457C-B088-3A5042F75D52}") = "MiTShI_lab8", "MiTShI_lab8\MiTShI_lab8.pyproj", "{51FD29D3-0F55-442C-BDE5-10D8F2FF1CE8}"
EndProject
Global
	GlobalSection(SolutionConfigurationPlatforms) = preSolution
		Debug|Any CPU = Debug|Any CPU
		Release|Any CPU = Release|Any CPU
	EndGlobalSection
	GlobalSection(ProjectConfigurationPlatforms) = postSolution
		{51FD29D3-0F55-442C-BDE5-10D8F2FF1CE8}.Debug|Any CPU.ActiveCfg = Debug|Any CPU
		{51FD29D3-0F55-442C-BDE5-10D8F2FF1CE8}.Release|Any CPU.ActiveCfg = Release|Any CPU
	EndGlobalSection
	GlobalSection(SolutionProperties) = preSolution
		HideSolutionNode = FALSE
	EndGlobalSection
	GlobalSection(ExtensibilityGlobals) = postSolution
		SolutionGuid = {B8946387-A7AD-4150-9A0B-AF644C028893}
	EndGlobalSection
EndGlobal
