
Microsoft Visual Studio Solution File, Format Version 12.00
# Visual Studio Version 17
VisualStudioVersion = 17.2.32526.322
MinimumVisualStudioVersion = 10.0.40219.1
Project("{888888A0-9F3D-457C-B088-3A5042F75D52}") = "MiTShI_lab7", "MiTShI_lab7\MiTShI_lab7.pyproj", "{EC84AC7F-4BDA-4F62-896B-CF768BCBFDF5}"
EndProject
Global
	GlobalSection(SolutionConfigurationPlatforms) = preSolution
		Debug|Any CPU = Debug|Any CPU
		Release|Any CPU = Release|Any CPU
	EndGlobalSection
	GlobalSection(ProjectConfigurationPlatforms) = postSolution
		{EC84AC7F-4BDA-4F62-896B-CF768BCBFDF5}.Debug|Any CPU.ActiveCfg = Debug|Any CPU
		{EC84AC7F-4BDA-4F62-896B-CF768BCBFDF5}.Release|Any CPU.ActiveCfg = Release|Any CPU
	EndGlobalSection
	GlobalSection(SolutionProperties) = preSolution
		HideSolutionNode = FALSE
	EndGlobalSection
	GlobalSection(ExtensibilityGlobals) = postSolution
		SolutionGuid = {B8327EDB-78CB-406E-9E9E-82D7E4D5B653}
	EndGlobalSection
EndGlobal
