
Microsoft Visual Studio Solution File, Format Version 12.00
# Visual Studio Version 17
VisualStudioVersion = 17.2.32526.322
MinimumVisualStudioVersion = 10.0.40219.1
Project("{888888A0-9F3D-457C-B088-3A5042F75D52}") = "lab2_part1", "lab2_part1\lab2_part1.pyproj", "{7DC21F4D-237C-448F-A808-92031F20B888}"
EndProject
Global
	GlobalSection(SolutionConfigurationPlatforms) = preSolution
		Debug|Any CPU = Debug|Any CPU
		Release|Any CPU = Release|Any CPU
	EndGlobalSection
	GlobalSection(ProjectConfigurationPlatforms) = postSolution
		{7DC21F4D-237C-448F-A808-92031F20B888}.Debug|Any CPU.ActiveCfg = Debug|Any CPU
		{7DC21F4D-237C-448F-A808-92031F20B888}.Release|Any CPU.ActiveCfg = Release|Any CPU
	EndGlobalSection
	GlobalSection(SolutionProperties) = preSolution
		HideSolutionNode = FALSE
	EndGlobalSection
	GlobalSection(ExtensibilityGlobals) = postSolution
		SolutionGuid = {2179544F-718B-4ECC-946B-83D6E9369A40}
	EndGlobalSection
EndGlobal
