
Microsoft Visual Studio Solution File, Format Version 12.00
# Visual Studio Version 17
VisualStudioVersion = 17.0.32014.148
MinimumVisualStudioVersion = 10.0.40219.1
Project("{888888A0-9F3D-457C-B088-3A5042F75D52}") = "Laba1", "Laba1\Laba1.pyproj", "{0C4D86DF-CB6E-4D91-B232-C40F693E38FF}"
EndProject
Global
	GlobalSection(SolutionConfigurationPlatforms) = preSolution
		Debug|Any CPU = Debug|Any CPU
		Release|Any CPU = Release|Any CPU
	EndGlobalSection
	GlobalSection(ProjectConfigurationPlatforms) = postSolution
		{0C4D86DF-CB6E-4D91-B232-C40F693E38FF}.Debug|Any CPU.ActiveCfg = Debug|Any CPU
		{0C4D86DF-CB6E-4D91-B232-C40F693E38FF}.Release|Any CPU.ActiveCfg = Release|Any CPU
	EndGlobalSection
	GlobalSection(SolutionProperties) = preSolution
		HideSolutionNode = FALSE
	EndGlobalSection
	GlobalSection(ExtensibilityGlobals) = postSolution
		SolutionGuid = {4E2E5C2C-6549-4862-A97B-6EF2AB37FA2E}
	EndGlobalSection
EndGlobal
